
Microsoft Visual Studio Solution File, Format Version 12.00
# Visual Studio 2015
Project("{FAE04EC0-301F-11D3-BF4B-00C04F79EFBC}") = "HW Flappy Bird", "HW Flappy Bird.csproj", "{6F755F72-F244-3CE7-50C7-BF97DA196A40}"
EndProject
Project("{FAE04EC0-301F-11D3-BF4B-00C04F79EFBC}") = "HW Flappy Bird.Editor", "HW Flappy Bird.Editor.csproj", "{766AE5F7-3F28-F3F8-B25D-3BB3C2C62146}"
EndProject
Global
	GlobalSection(SolutionConfigurationPlatforms) = preSolution
		Debug|Any CPU = Debug|Any CPU
		Release|Any CPU = Release|Any CPU
	EndGlobalSection
	GlobalSection(ProjectConfigurationPlatforms) = postSolution
		{6F755F72-F244-3CE7-50C7-BF97DA196A40}.Debug|Any CPU.ActiveCfg = Debug|Any CPU
		{6F755F72-F244-3CE7-50C7-BF97DA196A40}.Debug|Any CPU.Build.0 = Debug|Any CPU
		{6F755F72-F244-3CE7-50C7-BF97DA196A40}.Release|Any CPU.ActiveCfg = Release|Any CPU
		{6F755F72-F244-3CE7-50C7-BF97DA196A40}.Release|Any CPU.Build.0 = Release|Any CPU
		{766AE5F7-3F28-F3F8-B25D-3BB3C2C62146}.Debug|Any CPU.ActiveCfg = Debug|Any CPU
		{766AE5F7-3F28-F3F8-B25D-3BB3C2C62146}.Debug|Any CPU.Build.0 = Debug|Any CPU
		{766AE5F7-3F28-F3F8-B25D-3BB3C2C62146}.Release|Any CPU.ActiveCfg = Release|Any CPU
		{766AE5F7-3F28-F3F8-B25D-3BB3C2C62146}.Release|Any CPU.Build.0 = Release|Any CPU
	EndGlobalSection
	GlobalSection(SolutionProperties) = preSolution
		HideSolutionNode = FALSE
	EndGlobalSection
EndGlobal
